
Microsoft Visual Studio Solution File, Format Version 12.00
# Visual Studio Version 17
VisualStudioVersion = 17.0.32112.339
MinimumVisualStudioVersion = 10.0.40219.1
Project("{9A19103F-16F7-4668-BE54-9A1E7A4F7556}") = "Store", "Store.csproj", "{7C0721C4-E068-4507-92CD-034A25BD0303}"
EndProject
Project("{9A19103F-16F7-4668-BE54-9A1E7A4F7556}") = "online_data_access", "..\online_data_access\online_data_access.csproj", "{23F6E2E1-FEB2-45ED-B323-D0D18AFDA04A}"
EndProject
Global
	GlobalSection(SolutionConfigurationPlatforms) = preSolution
		Debug|Any CPU = Debug|Any CPU
		Release|Any CPU = Release|Any CPU
	EndGlobalSection
	GlobalSection(ProjectConfigurationPlatforms) = postSolution
		{7C0721C4-E068-4507-92CD-034A25BD0303}.Debug|Any CPU.ActiveCfg = Debug|Any CPU
		{7C0721C4-E068-4507-92CD-034A25BD0303}.Debug|Any CPU.Build.0 = Debug|Any CPU
		{7C0721C4-E068-4507-92CD-034A25BD0303}.Release|Any CPU.ActiveCfg = Release|Any CPU
		{7C0721C4-E068-4507-92CD-034A25BD0303}.Release|Any CPU.Build.0 = Release|Any CPU
		{23F6E2E1-FEB2-45ED-B323-D0D18AFDA04A}.Debug|Any CPU.ActiveCfg = Debug|Any CPU
		{23F6E2E1-FEB2-45ED-B323-D0D18AFDA04A}.Debug|Any CPU.Build.0 = Debug|Any CPU
		{23F6E2E1-FEB2-45ED-B323-D0D18AFDA04A}.Release|Any CPU.ActiveCfg = Release|Any CPU
		{23F6E2E1-FEB2-45ED-B323-D0D18AFDA04A}.Release|Any CPU.Build.0 = Release|Any CPU
	EndGlobalSection
	GlobalSection(SolutionProperties) = preSolution
		HideSolutionNode = FALSE
	EndGlobalSection
	GlobalSection(ExtensibilityGlobals) = postSolution
		SolutionGuid = {3EE01801-CBC7-4C2B-B46E-6FD5EE3DD6C5}
	EndGlobalSection
EndGlobal
